
Microsoft Visual Studio Solution File, Format Version 12.00
# Visual Studio Version 17
VisualStudioVersion = 17.7.34024.191
MinimumVisualStudioVersion = 10.0.40219.1
Project("{FAE04EC0-301F-11D3-BF4B-00C04F79EFBC}") = "telefun", "telefun\telefun.csproj", "{AEED7806-4D65-43B6-BC0A-67FBBD96011C}"
EndProject
Global
	GlobalSection(SolutionConfigurationPlatforms) = preSolution
		Debug|Any CPU = Debug|Any CPU
		Release|Any CPU = Release|Any CPU
	EndGlobalSection
	GlobalSection(ProjectConfigurationPlatforms) = postSolution
		{AEED7806-4D65-43B6-BC0A-67FBBD96011C}.Debug|Any CPU.ActiveCfg = Debug|Any CPU
		{AEED7806-4D65-43B6-BC0A-67FBBD96011C}.Debug|Any CPU.Build.0 = Debug|Any CPU
		{AEED7806-4D65-43B6-BC0A-67FBBD96011C}.Release|Any CPU.ActiveCfg = Release|Any CPU
		{AEED7806-4D65-43B6-BC0A-67FBBD96011C}.Release|Any CPU.Build.0 = Release|Any CPU
	EndGlobalSection
	GlobalSection(SolutionProperties) = preSolution
		HideSolutionNode = FALSE
	EndGlobalSection
	GlobalSection(ExtensibilityGlobals) = postSolution
		SolutionGuid = {EEC01DCA-16D2-4BEC-8115-A2C85E269DF0}
	EndGlobalSection
EndGlobal
